
Microsoft Visual Studio Solution File, Format Version 12.00
# Visual Studio 15
VisualStudioVersion = 15.0.28307.329
MinimumVisualStudioVersion = 10.0.40219.1
Project("{9A19103F-16F7-4668-BE54-9A1E7A4F7556}") = "RamerDouglasPeuckerNet", "RamerDouglasPeuckerNet\RamerDouglasPeuckerNet.csproj", "{C22F273E-CC5E-4481-8610-95E1173CE223}"
EndProject
Project("{FAE04EC0-301F-11D3-BF4B-00C04F79EFBC}") = "RamerDouglasPeuckerNet.Test", "RamerDouglasPeuckerNet.Test\RamerDouglasPeuckerNet.Test.csproj", "{9772383E-CF01-42DA-8BAA-F8E524A12756}"
EndProject
Global
	GlobalSection(SolutionConfigurationPlatforms) = preSolution
		Debug|Any CPU = Debug|Any CPU
		Release|Any CPU = Release|Any CPU
	EndGlobalSection
	GlobalSection(ProjectConfigurationPlatforms) = postSolution
		{C22F273E-CC5E-4481-8610-95E1173CE223}.Debug|Any CPU.ActiveCfg = Debug|Any CPU
		{C22F273E-CC5E-4481-8610-95E1173CE223}.Debug|Any CPU.Build.0 = Debug|Any CPU
		{C22F273E-CC5E-4481-8610-95E1173CE223}.Release|Any CPU.ActiveCfg = Release|Any CPU
		{C22F273E-CC5E-4481-8610-95E1173CE223}.Release|Any CPU.Build.0 = Release|Any CPU
		{9772383E-CF01-42DA-8BAA-F8E524A12756}.Debug|Any CPU.ActiveCfg = Debug|Any CPU
		{9772383E-CF01-42DA-8BAA-F8E524A12756}.Debug|Any CPU.Build.0 = Debug|Any CPU
		{9772383E-CF01-42DA-8BAA-F8E524A12756}.Release|Any CPU.ActiveCfg = Release|Any CPU
		{9772383E-CF01-42DA-8BAA-F8E524A12756}.Release|Any CPU.Build.0 = Release|Any CPU
	EndGlobalSection
	GlobalSection(SolutionProperties) = preSolution
		HideSolutionNode = FALSE
	EndGlobalSection
	GlobalSection(ExtensibilityGlobals) = postSolution
		SolutionGuid = {72DFC9B0-B53E-44C0-88A4-F073ED56DDF0}
	EndGlobalSection
EndGlobal
